
Microsoft Visual Studio Solution File, Format Version 12.00
# Visual Studio Version 17
VisualStudioVersion = 17.9.34902.65
MinimumVisualStudioVersion = 10.0.40219.1
Project("{9A19103F-16F7-4668-BE54-9A1E7A4F7556}") = "SuggestionBoxAPI", "suggestionBoxAPI\SuggestionBoxAPI.csproj", "{C7882D15-AAE8-4FEB-A059-86BC3C5459DC}"
EndProject
Project("{9A19103F-16F7-4668-BE54-9A1E7A4F7556}") = "CommonLib", "CommonLib\CommonLib.csproj", "{E1AA6E70-A8F9-49A3-A4C3-ED42AA9DF636}"
EndProject
Project("{9A19103F-16F7-4668-BE54-9A1E7A4F7556}") = "SuggestionBoxClient", "SuggestionBoxClient\SuggestionBoxClient.csproj", "{CE48594E-31A6-4EE1-B4AB-57DC3BC1B1C6}"
EndProject
Global
	GlobalSection(SolutionConfigurationPlatforms) = preSolution
		Debug|Any CPU = Debug|Any CPU
		Release|Any CPU = Release|Any CPU
	EndGlobalSection
	GlobalSection(ProjectConfigurationPlatforms) = postSolution
		{C7882D15-AAE8-4FEB-A059-86BC3C5459DC}.Debug|Any CPU.ActiveCfg = Debug|Any CPU
		{C7882D15-AAE8-4FEB-A059-86BC3C5459DC}.Debug|Any CPU.Build.0 = Debug|Any CPU
		{C7882D15-AAE8-4FEB-A059-86BC3C5459DC}.Release|Any CPU.ActiveCfg = Release|Any CPU
		{C7882D15-AAE8-4FEB-A059-86BC3C5459DC}.Release|Any CPU.Build.0 = Release|Any CPU
		{E1AA6E70-A8F9-49A3-A4C3-ED42AA9DF636}.Debug|Any CPU.ActiveCfg = Debug|Any CPU
		{E1AA6E70-A8F9-49A3-A4C3-ED42AA9DF636}.Debug|Any CPU.Build.0 = Debug|Any CPU
		{E1AA6E70-A8F9-49A3-A4C3-ED42AA9DF636}.Release|Any CPU.ActiveCfg = Release|Any CPU
		{E1AA6E70-A8F9-49A3-A4C3-ED42AA9DF636}.Release|Any CPU.Build.0 = Release|Any CPU
		{CE48594E-31A6-4EE1-B4AB-57DC3BC1B1C6}.Debug|Any CPU.ActiveCfg = Debug|Any CPU
		{CE48594E-31A6-4EE1-B4AB-57DC3BC1B1C6}.Debug|Any CPU.Build.0 = Debug|Any CPU
		{CE48594E-31A6-4EE1-B4AB-57DC3BC1B1C6}.Release|Any CPU.ActiveCfg = Release|Any CPU
		{CE48594E-31A6-4EE1-B4AB-57DC3BC1B1C6}.Release|Any CPU.Build.0 = Release|Any CPU
	EndGlobalSection
	GlobalSection(SolutionProperties) = preSolution
		HideSolutionNode = FALSE
	EndGlobalSection
	GlobalSection(ExtensibilityGlobals) = postSolution
		SolutionGuid = {73B385F3-CBEC-4316-8C20-777CCEEADCE7}
	EndGlobalSection
EndGlobal
